
Microsoft Visual Studio Solution File, Format Version 12.00
# Visual Studio Version 17
VisualStudioVersion = 17.6.33815.320
MinimumVisualStudioVersion = 10.0.40219.1
Project("{FAE04EC0-301F-11D3-BF4B-00C04F79EFBC}") = "ChainFlow", "ChainFlow\ChainFlow.csproj", "{A4FBEDB9-28A9-4021-829B-FABE0E016FD1}"
EndProject
Project("{FAE04EC0-301F-11D3-BF4B-00C04F79EFBC}") = "ChainFlowUnitTest", "ChainFlowUnitTest\ChainFlowUnitTest.csproj", "{E2C38872-4347-4AA6-B9AB-AE494DF2F8F2}"
EndProject
Global
	GlobalSection(SolutionConfigurationPlatforms) = preSolution
		Debug|Any CPU = Debug|Any CPU
		Release|Any CPU = Release|Any CPU
	EndGlobalSection
	GlobalSection(ProjectConfigurationPlatforms) = postSolution
		{A4FBEDB9-28A9-4021-829B-FABE0E016FD1}.Debug|Any CPU.ActiveCfg = Debug|Any CPU
		{A4FBEDB9-28A9-4021-829B-FABE0E016FD1}.Debug|Any CPU.Build.0 = Debug|Any CPU
		{A4FBEDB9-28A9-4021-829B-FABE0E016FD1}.Release|Any CPU.ActiveCfg = Release|Any CPU
		{A4FBEDB9-28A9-4021-829B-FABE0E016FD1}.Release|Any CPU.Build.0 = Release|Any CPU
		{E2C38872-4347-4AA6-B9AB-AE494DF2F8F2}.Debug|Any CPU.ActiveCfg = Debug|Any CPU
		{E2C38872-4347-4AA6-B9AB-AE494DF2F8F2}.Debug|Any CPU.Build.0 = Debug|Any CPU
		{E2C38872-4347-4AA6-B9AB-AE494DF2F8F2}.Release|Any CPU.ActiveCfg = Release|Any CPU
		{E2C38872-4347-4AA6-B9AB-AE494DF2F8F2}.Release|Any CPU.Build.0 = Release|Any CPU
	EndGlobalSection
	GlobalSection(SolutionProperties) = preSolution
		HideSolutionNode = FALSE
	EndGlobalSection
	GlobalSection(ExtensibilityGlobals) = postSolution
		SolutionGuid = {7293CBED-B118-4967-BCBA-A835065AA088}
	EndGlobalSection
EndGlobal
